
Microsoft Visual Studio Solution File, Format Version 12.00
# Visual Studio Version 16
VisualStudioVersion = 16.0.28917.182
MinimumVisualStudioVersion = 10.0.40219.1
Project("{9A19103F-16F7-4668-BE54-9A1E7A4F7556}") = "Orders.API", "Orders.API\Orders.API.csproj", "{6C7FAEC2-26BD-4CA7-918C-E0CF927A6F75}"
EndProject
Project("{9A19103F-16F7-4668-BE54-9A1E7A4F7556}") = "Service.Common", "Service.Common\Service.Common.csproj", "{119AD72E-ADC7-4B63-BEE8-F1A35D8DFD1E}"
EndProject
Global
	GlobalSection(SolutionConfigurationPlatforms) = preSolution
		Debug|Any CPU = Debug|Any CPU
		Release|Any CPU = Release|Any CPU
	EndGlobalSection
	GlobalSection(ProjectConfigurationPlatforms) = postSolution
		{6C7FAEC2-26BD-4CA7-918C-E0CF927A6F75}.Debug|Any CPU.ActiveCfg = Debug|Any CPU
		{6C7FAEC2-26BD-4CA7-918C-E0CF927A6F75}.Debug|Any CPU.Build.0 = Debug|Any CPU
		{6C7FAEC2-26BD-4CA7-918C-E0CF927A6F75}.Release|Any CPU.ActiveCfg = Release|Any CPU
		{6C7FAEC2-26BD-4CA7-918C-E0CF927A6F75}.Release|Any CPU.Build.0 = Release|Any CPU
		{119AD72E-ADC7-4B63-BEE8-F1A35D8DFD1E}.Debug|Any CPU.ActiveCfg = Debug|Any CPU
		{119AD72E-ADC7-4B63-BEE8-F1A35D8DFD1E}.Debug|Any CPU.Build.0 = Debug|Any CPU
		{119AD72E-ADC7-4B63-BEE8-F1A35D8DFD1E}.Release|Any CPU.ActiveCfg = Release|Any CPU
		{119AD72E-ADC7-4B63-BEE8-F1A35D8DFD1E}.Release|Any CPU.Build.0 = Release|Any CPU
	EndGlobalSection
	GlobalSection(SolutionProperties) = preSolution
		HideSolutionNode = FALSE
	EndGlobalSection
	GlobalSection(ExtensibilityGlobals) = postSolution
		SolutionGuid = {88F688AB-A2BD-4F9F-8AE8-EB1B941E8CF1}
	EndGlobalSection
EndGlobal
